
Microsoft Visual Studio Solution File, Format Version 12.00
# Visual Studio Version 16
VisualStudioVersion = 16.0.31702.278
MinimumVisualStudioVersion = 10.0.40219.1
Project("{9A19103F-16F7-4668-BE54-9A1E7A4F7556}") = "LIST1", "LIST1\LIST1.csproj", "{86FDBFBB-89C1-427E-BE21-8CF1401B72CC}"
EndProject
Project("{FAE04EC0-301F-11D3-BF4B-00C04F79EFBC}") = "Tests", "ArrayList.Tests\Tests.csproj", "{3662CFB2-C6E0-4DEF-AC20-6343E73EA074}"
EndProject
Global
	GlobalSection(SolutionConfigurationPlatforms) = preSolution
		Debug|Any CPU = Debug|Any CPU
		Release|Any CPU = Release|Any CPU
	EndGlobalSection
	GlobalSection(ProjectConfigurationPlatforms) = postSolution
		{86FDBFBB-89C1-427E-BE21-8CF1401B72CC}.Debug|Any CPU.ActiveCfg = Debug|Any CPU
		{86FDBFBB-89C1-427E-BE21-8CF1401B72CC}.Debug|Any CPU.Build.0 = Debug|Any CPU
		{86FDBFBB-89C1-427E-BE21-8CF1401B72CC}.Release|Any CPU.ActiveCfg = Release|Any CPU
		{86FDBFBB-89C1-427E-BE21-8CF1401B72CC}.Release|Any CPU.Build.0 = Release|Any CPU
		{3662CFB2-C6E0-4DEF-AC20-6343E73EA074}.Debug|Any CPU.ActiveCfg = Debug|Any CPU
		{3662CFB2-C6E0-4DEF-AC20-6343E73EA074}.Debug|Any CPU.Build.0 = Debug|Any CPU
		{3662CFB2-C6E0-4DEF-AC20-6343E73EA074}.Release|Any CPU.ActiveCfg = Release|Any CPU
		{3662CFB2-C6E0-4DEF-AC20-6343E73EA074}.Release|Any CPU.Build.0 = Release|Any CPU
	EndGlobalSection
	GlobalSection(SolutionProperties) = preSolution
		HideSolutionNode = FALSE
	EndGlobalSection
	GlobalSection(ExtensibilityGlobals) = postSolution
		SolutionGuid = {90DD5CD3-856D-4A3B-96EB-DC38A77AADC0}
	EndGlobalSection
EndGlobal
